
Microsoft Visual Studio Solution File, Format Version 12.00
# Visual Studio 15
VisualStudioVersion = 15.0.27130.0
MinimumVisualStudioVersion = 10.0.40219.1
Project("{FAE04EC0-301F-11D3-BF4B-00C04F79EFBC}") = "Homework.ProblemA", "src\Homework.ProblemA\Homework.ProblemA.csproj", "{7C7EDA03-610F-42DE-BCB3-F933DFFFA62E}"
EndProject
Project("{2150E333-8FDC-42A3-9474-1A3956D46DE8}") = "RepositoryItems", "RepositoryItems", "{B9AA4190-2EE0-4C29-A4AE-FE88B730D137}"
	ProjectSection(SolutionItems) = preProject
		.gitignore = .gitignore
		README.md = README.md
	EndProjectSection
EndProject
Project("{2150E333-8FDC-42A3-9474-1A3956D46DE8}") = "Test", "Test", "{79FA5DBE-74A3-4B88-8151-6DBC185F83A9}"
EndProject
Project("{FAE04EC0-301F-11D3-BF4B-00C04F79EFBC}") = "Homework.ProblemA.Tests", "test\unit\Homework.ProblemA.Tests\Homework.ProblemA.Tests.csproj", "{52CD6504-1DAF-4C9D-9D4E-16594DDD7804}"
EndProject
Global
	GlobalSection(SolutionConfigurationPlatforms) = preSolution
		Debug|Any CPU = Debug|Any CPU
		Debug|x64 = Debug|x64
		Release|Any CPU = Release|Any CPU
		Release|x64 = Release|x64
	EndGlobalSection
	GlobalSection(ProjectConfigurationPlatforms) = postSolution
		{7C7EDA03-610F-42DE-BCB3-F933DFFFA62E}.Debug|Any CPU.ActiveCfg = Debug|Any CPU
		{7C7EDA03-610F-42DE-BCB3-F933DFFFA62E}.Debug|Any CPU.Build.0 = Debug|Any CPU
		{7C7EDA03-610F-42DE-BCB3-F933DFFFA62E}.Debug|x64.ActiveCfg = Debug|Any CPU
		{7C7EDA03-610F-42DE-BCB3-F933DFFFA62E}.Debug|x64.Build.0 = Debug|Any CPU
		{7C7EDA03-610F-42DE-BCB3-F933DFFFA62E}.Release|Any CPU.ActiveCfg = Release|x64
		{7C7EDA03-610F-42DE-BCB3-F933DFFFA62E}.Release|Any CPU.Build.0 = Release|x64
		{7C7EDA03-610F-42DE-BCB3-F933DFFFA62E}.Release|x64.ActiveCfg = Release|x64
		{7C7EDA03-610F-42DE-BCB3-F933DFFFA62E}.Release|x64.Build.0 = Release|x64
		{52CD6504-1DAF-4C9D-9D4E-16594DDD7804}.Debug|Any CPU.ActiveCfg = Debug|Any CPU
		{52CD6504-1DAF-4C9D-9D4E-16594DDD7804}.Debug|Any CPU.Build.0 = Debug|Any CPU
		{52CD6504-1DAF-4C9D-9D4E-16594DDD7804}.Debug|x64.ActiveCfg = Debug|Any CPU
		{52CD6504-1DAF-4C9D-9D4E-16594DDD7804}.Debug|x64.Build.0 = Debug|Any CPU
		{52CD6504-1DAF-4C9D-9D4E-16594DDD7804}.Release|Any CPU.ActiveCfg = Release|x64
		{52CD6504-1DAF-4C9D-9D4E-16594DDD7804}.Release|Any CPU.Build.0 = Release|x64
		{52CD6504-1DAF-4C9D-9D4E-16594DDD7804}.Release|x64.ActiveCfg = Release|x64
		{52CD6504-1DAF-4C9D-9D4E-16594DDD7804}.Release|x64.Build.0 = Release|x64
	EndGlobalSection
	GlobalSection(SolutionProperties) = preSolution
		HideSolutionNode = FALSE
	EndGlobalSection
	GlobalSection(NestedProjects) = preSolution
		{52CD6504-1DAF-4C9D-9D4E-16594DDD7804} = {79FA5DBE-74A3-4B88-8151-6DBC185F83A9}
	EndGlobalSection
	GlobalSection(ExtensibilityGlobals) = postSolution
		SolutionGuid = {84EC41C2-AEB9-4358-AFBF-40A79288CE6E}
	EndGlobalSection
EndGlobal
